{
  "version": "2",
  "remote": {
    "https://deno.land/std@0.128.0/async/deadline.ts": "48ac998d7564969f3e6ec6b6f9bf0217ebd00239b1b2292feba61272d5dd58d0",
    "https://deno.land/std@0.128.0/async/debounce.ts": "564273ef242bcfcda19a439132f940db8694173abffc159ea34f07d18fc42620",
    "https://deno.land/std@0.128.0/async/deferred.ts": "bc18e28108252c9f67dfca2bbc4587c3cbf3aeb6e155f8c864ca8ecff992b98a",
    "https://deno.land/std@0.128.0/async/delay.ts": "cbbdf1c87d1aed8edc7bae13592fb3e27e3106e0748f089c263390d4f49e5f6c",
    "https://deno.land/std@0.128.0/async/mod.ts": "a28709190a1966cb50e5815ef269bb588ee192373cde73b1096641820dc52a36",
    "https://deno.land/std@0.128.0/async/mux_async_iterator.ts": "f4d1d259b0c694d381770ddaaa4b799a94843eba80c17f4a2ec2949168e52d1e",
    "https://deno.land/std@0.128.0/async/pool.ts": "97b0dd27c69544e374df857a40902e74e39532f226005543eabacb551e277082",
    "https://deno.land/std@0.128.0/async/tee.ts": "1341feb1f5b1a96f8628d0f8fc07d8c43d3813423f18a63bf1b4785568d21b1f",
    "https://deno.land/std@0.128.0/http/server.ts": "10c3a7814666cdbabd6f9c18acdcc4593e222275a628280a4868881445fbb5bc",
    "https://deno.land/std@0.135.0/_deno_unstable.ts": "23a1a36928f1b6d3b0170aaa67de09af12aa998525f608ff7331b9fb364cbde6",
    "https://deno.land/std@0.135.0/_util/assert.ts": "e94f2eb37cebd7f199952e242c77654e43333c1ac4c5c700e929ea3aa5489f74",
    "https://deno.land/std@0.135.0/_util/os.ts": "49b92edea1e82ba295ec946de8ffd956ed123e2948d9bd1d3e901b04e4307617",
    "https://deno.land/std@0.135.0/fs/_util.ts": "0fb24eb4bfebc2c194fb1afdb42b9c3dda12e368f43e8f2321f84fc77d42cb0f",
    "https://deno.land/std@0.135.0/fs/copy.ts": "9248d1492599957af8c693ceb10a432b09f0b0b61c60a4d6aff29b0c7d3a17b3",
    "https://deno.land/std@0.135.0/fs/empty_dir.ts": "7274d87160de34cbed0531e284df383045cf43543bbeadeb97feac598bd8f3c5",
    "https://deno.land/std@0.135.0/fs/ensure_dir.ts": "9dc109c27df4098b9fc12d949612ae5c9c7169507660dcf9ad90631833209d9d",
    "https://deno.land/std@0.135.0/fs/ensure_file.ts": "7d353e64fee3d4d1e7c6b6726a2a5e987ba402c15fb49566309042887349c545",
    "https://deno.land/std@0.135.0/fs/ensure_link.ts": "489e23df9fe3e6636048b5830ddf0f111eb29621eb85719255ad9bd645f3471b",
    "https://deno.land/std@0.135.0/fs/ensure_symlink.ts": "88dc83de1bc90ed883dd458c2d2eae3d5834a4617d12925734836e1f0803b274",
    "https://deno.land/std@0.135.0/fs/eol.ts": "b92f0b88036de507e7e6fbedbe8f666835ea9dcbf5ac85917fa1fadc919f83a5",
    "https://deno.land/std@0.135.0/fs/exists.ts": "cb734d872f8554ea40b8bff77ad33d4143c1187eac621a55bf37781a43c56f6d",
    "https://deno.land/std@0.135.0/fs/expand_glob.ts": "0c10130d67c9b02164b03df8e43c6d6defbf8e395cb69d09e84a8586e6d72ac3",
    "https://deno.land/std@0.135.0/fs/mod.ts": "4dc052c461c171abb5c25f6e0f218ab838a716230930b534ba351745864b7d6d",
    "https://deno.land/std@0.135.0/fs/move.ts": "0573cedcf583f09a9494f2dfccbf67de68a93629942d6b5e6e74a9e45d4e8a2e",
    "https://deno.land/std@0.135.0/fs/walk.ts": "117403ccd21fd322febe56ba06053b1ad5064c802170f19b1ea43214088fe95f",
    "https://deno.land/std@0.135.0/path/_constants.ts": "df1db3ffa6dd6d1252cc9617e5d72165cd2483df90e93833e13580687b6083c3",
    "https://deno.land/std@0.135.0/path/_interface.ts": "ee3b431a336b80cf445441109d089b70d87d5e248f4f90ff906820889ecf8d09",
    "https://deno.land/std@0.135.0/path/_util.ts": "c1e9686d0164e29f7d880b2158971d805b6e0efc3110d0b3e24e4b8af2190d2b",
    "https://deno.land/std@0.135.0/path/common.ts": "bee563630abd2d97f99d83c96c2fa0cca7cee103e8cb4e7699ec4d5db7bd2633",
    "https://deno.land/std@0.135.0/path/glob.ts": "cb5255638de1048973c3e69e420c77dc04f75755524cb3b2e160fe9277d939ee",
    "https://deno.land/std@0.135.0/path/mod.ts": "4275129bb766f0e475ecc5246aa35689eeade419d72a48355203f31802640be7",
    "https://deno.land/std@0.135.0/path/posix.ts": "293cdaec3ecccec0a9cc2b534302dfe308adb6f10861fa183275d6695faace44",
    "https://deno.land/std@0.135.0/path/separator.ts": "fe1816cb765a8068afb3e8f13ad272351c85cbc739af56dacfc7d93d710fe0f9",
    "https://deno.land/std@0.135.0/path/win32.ts": "31811536855e19ba37a999cd8d1b62078235548d67902ece4aa6b814596dd757",
    "https://deno.land/std@0.154.0/_util/assert.ts": "e94f2eb37cebd7f199952e242c77654e43333c1ac4c5c700e929ea3aa5489f74",
    "https://deno.land/std@0.154.0/_wasm_crypto/lib/deno_std_wasm_crypto.generated.mjs": "dfcd6777d05345362c70f9f2c49abba3ed3f925fccfcf725abe2d16d51819433",
    "https://deno.land/std@0.154.0/_wasm_crypto/mod.ts": "6c60d332716147ded0eece0861780678d51b560f533b27db2e15c64a4ef83665",
    "https://deno.land/std@0.154.0/async/deferred.ts": "c01de44b9192359cebd3fe93273fcebf9e95110bf3360023917da9a2d1489fae",
    "https://deno.land/std@0.154.0/bytes/bytes_list.ts": "aba5e2369e77d426b10af1de0dcc4531acecec27f9b9056f4f7bfbf8ac147ab4",
    "https://deno.land/std@0.154.0/bytes/equals.ts": "3c3558c3ae85526f84510aa2b48ab2ad7bdd899e2e0f5b7a8ffc85acb3a6043a",
    "https://deno.land/std@0.154.0/bytes/mod.ts": "763f97d33051cc3f28af1a688dfe2830841192a9fea0cbaa55f927b49d49d0bf",
    "https://deno.land/std@0.154.0/crypto/_fnv/fnv32.ts": "aa9bddead8c6345087d3abd4ef35fb9655622afc333fc41fff382b36e64280b5",
    "https://deno.land/std@0.154.0/crypto/_fnv/fnv64.ts": "625d7e7505b6cb2e9801b5fd6ed0a89256bac12b2bbb3e4664b85a88b0ec5bef",
    "https://deno.land/std@0.154.0/crypto/_fnv/index.ts": "a8f6a361b4c6d54e5e89c16098f99b6962a1dd6ad1307dbc97fa1ecac5d7060a",
    "https://deno.land/std@0.154.0/crypto/_fnv/util.ts": "4848313bed7f00f55be3cb080aa0583fc007812ba965b03e4009665bde614ce3",
    "https://deno.land/std@0.154.0/crypto/keystack.ts": "e481eed28007395e554a435e880fee83a5c73b9259ed8a135a75e4b1e4f381f7",
    "https://deno.land/std@0.154.0/crypto/mod.ts": "0ef11f063cd0f9759485a3c9051e15125e1bde3b47c23b47e79b6e13cfcf9481",
    "https://deno.land/std@0.154.0/crypto/timing_safe_equal.ts": "82a29b737bc8932d75d7a20c404136089d5d23629e94ba14efa98a8cc066c73e",
    "https://deno.land/std@0.154.0/encoding/base64.ts": "c57868ca7fa2fbe919f57f88a623ad34e3d970d675bdc1ff3a9d02bba7409db2",
    "https://deno.land/std@0.154.0/encoding/base64url.ts": "a5f82a9fa703bd85a5eb8e7c1296bc6529e601ebd9642cc2b5eaa6b38fa9e05a",
    "https://deno.land/std@0.154.0/encoding/hex.ts": "4cc5324417cbb4ac9b828453d35aed45b9cc29506fad658f1f138d981ae33795",
    "https://deno.land/std@0.154.0/fmt/colors.ts": "ff7dc9c9f33a72bd48bc24b21bbc1b4545d8494a431f17894dbc5fe92a938fc4",
    "https://deno.land/std@0.154.0/io/buffer.ts": "fae02290f52301c4e0188670e730cd902f9307fb732d79c4aa14ebdc82497289",
    "https://deno.land/std@0.154.0/io/files.ts": "d199ef64e918a256320ba8d8d44ae91de87c9077df8f8d6cca013f1b9fbbe285",
    "https://deno.land/std@0.154.0/io/mod.ts": "33507cf2460ab67d0d90fb5749fa6fecb33897642b49d54a6bb1ac81e4768f69",
    "https://deno.land/std@0.154.0/io/readers.ts": "45847ad404afd2f605eae1cff193f223462bc55eeb9ae313c2f3db28aada0fd6",
    "https://deno.land/std@0.154.0/io/streams.ts": "988a19155b52161f0035ce539e2f1d12edbc4c389fa7633da832a64e6edbe1a0",
    "https://deno.land/std@0.154.0/io/types.d.ts": "0cae3a62da7a37043661746c65c021058bae020b54e50c0e774916e5d4baee43",
    "https://deno.land/std@0.154.0/io/util.ts": "078da53bba767bec0d45f7da44411f6dbf269e51ef7fcfea5e3714e04681c674",
    "https://deno.land/std@0.154.0/io/writers.ts": "2e1c63ffd0cfba411b1fd8374609abff9ea86187c9d4d885d42e6fc20325ef0e",
    "https://deno.land/std@0.154.0/streams/conversion.ts": "fc4eb76a14148c43f0b85e903a5a1526391aa40ed9434dc21e34f88304eb823e",
    "https://deno.land/std@0.154.0/testing/_diff.ts": "141f978a283defc367eeee3ff7b58aa8763cf7c8e0c585132eae614468e9d7b8",
    "https://deno.land/std@0.154.0/testing/_format.ts": "cd11136e1797791045e639e9f0f4640d5b4166148796cad37e6ef75f7d7f3832",
    "https://deno.land/std@0.154.0/testing/asserts.ts": "ac295f7fd22a7af107580e2475402a8c386cb1bf18bf837ae266ac0665786026",
    "https://deno.land/x/lestruct@v0.0.2/mod.ts": "26af899759b4e9108a3a92e9d5ba5d9c707f1a9726bd1ea9879450604a275795",
    "https://deno.land/x/lestruct@v0.0.2/src/error.ts": "1ffa3ce7ad0c090f340bc17a0e52ce0ddc3569ac7384097f985d1fc7b792250e",
    "https://deno.land/x/lestruct@v0.0.2/src/mod.ts": "9adc0cb16047a0e1795ce77fbd1b91988b5815053279e10dad000380fa934b2e",
    "https://deno.land/x/lestruct@v0.0.2/src/struct.ts": "b500fb7d6ad9a04e627bd5713bf3abf488e06545b78d0452e842ac5c109372a8",
    "https://deno.land/x/lestruct@v0.0.2/src/structs/coercions.ts": "1c133f8559a8f19f3124adcc3f214492f8d6aae051d553b0f6462d2bf589145f",
    "https://deno.land/x/lestruct@v0.0.2/src/structs/mod.ts": "2e26f4d8586ccf6c746978c582456c655bd6728c5a7b5b49196ee79df3aa613e",
    "https://deno.land/x/lestruct@v0.0.2/src/structs/refinements.ts": "376bba445100321624508d006189bcf660b7b5997d25c34b78dbbb8a4b733af2",
    "https://deno.land/x/lestruct@v0.0.2/src/structs/types.ts": "f6fa56e0c2350ac0feba1f6fb134e374c8e5ed9368bcd3370b7989749adeb224",
    "https://deno.land/x/lestruct@v0.0.2/src/structs/utilities.ts": "5aa28911a721b80366f4345873cdbf8a5cce47efc62da3ca485c07aa68a50cfa",
    "https://deno.land/x/lestruct@v0.0.2/src/utils.ts": "fdd6522b2c43f318427313bcd999191de6b1677e4edc40e8fba445c25619f8cf",
    "https://deno.land/x/mongo@v0.31.2/deps.ts": "1b53a32fbc115195d74ab78e7d21026ea4b6590e5b558b388017cc1a9b8181e6",
    "https://deno.land/x/mongo@v0.31.2/mod.ts": "0989f34d08c40440b8786140abdaf863e964e23df5d1a80e661d3d4170d9d21e",
    "https://deno.land/x/mongo@v0.31.2/src/auth/base.ts": "7fe14cf0a63d6bbc4ba69a000a04b3b184d26842504d94652a6af2d0c9494944",
    "https://deno.land/x/mongo@v0.31.2/src/auth/mod.ts": "b161611bd5be9e9d1b4497227c8ea93ad4daadcd98038c9e5a707bc5da7a25ca",
    "https://deno.land/x/mongo@v0.31.2/src/auth/pbkdf2.ts": "1f1db192fd37869d118ab34780b64567ebcf0ad83a03ef28b3d740cae9adb47a",
    "https://deno.land/x/mongo@v0.31.2/src/auth/scram.ts": "187db02e94e7e5423ec902e87d6839028770dca57830dca7f154dcd22a959c0f",
    "https://deno.land/x/mongo@v0.31.2/src/auth/x509.ts": "a75b27c549707dd441434ae400a3e6a24da7fe7d4e0e80c9bb79dfc6426b651e",
    "https://deno.land/x/mongo@v0.31.2/src/client.ts": "368cac10b3df3bfbc2dfba468d1bbd1332c359a643e0bb81a13d7220a58b43ff",
    "https://deno.land/x/mongo@v0.31.2/src/cluster.ts": "cff69bf284a5c7fcaff231494f1ab56ca652e725e58622723e402fbb61448d0e",
    "https://deno.land/x/mongo@v0.31.2/src/collection/collection.ts": "840add0cd28f38e8036b8d56fab134f9cc5201be05579d431a90f5c2e5b7c24e",
    "https://deno.land/x/mongo@v0.31.2/src/collection/commands/aggregate.ts": "440906a670adb46edb36fd95573ffa83f192775108b621520be992165910e895",
    "https://deno.land/x/mongo@v0.31.2/src/collection/commands/find.ts": "5c3b750d8c82ce08d865a381bc71f600406cbc4912c4aa689238755579fb71f8",
    "https://deno.land/x/mongo@v0.31.2/src/collection/commands/list_indexes.ts": "d32a5120305d0547497026b4f5ab2ecc2f40ff7f44c405b99c2a0287765333f5",
    "https://deno.land/x/mongo@v0.31.2/src/collection/commands/update.ts": "cf352108a5dd34f0928c2196a432383d366b8ed292676c71358b9ecf1289418d",
    "https://deno.land/x/mongo@v0.31.2/src/collection/mod.ts": "bd791a0b9b46be4365f88c54893584eadec2f8cd799db9eb05e0b5b4c8d72b8e",
    "https://deno.land/x/mongo@v0.31.2/src/database.ts": "f8dfd72f824759b1970232f4f21b8d1c3a0ca0ca6495c1dba32061c50c07ffba",
    "https://deno.land/x/mongo@v0.31.2/src/error.ts": "8180a822b0831a94a6a28815865b5b40e3996220684bea60fcb81b272ddd06eb",
    "https://deno.land/x/mongo@v0.31.2/src/gridfs/bucket.ts": "a4452d63f6928f57486a214a499b54b80b98cc0d13e3d85a6841b34d5ff12a61",
    "https://deno.land/x/mongo@v0.31.2/src/gridfs/indexes.ts": "7d302114fb4d81c4a873614a51d11ddb8b471f967179dddb8269c39b3cadf4e3",
    "https://deno.land/x/mongo@v0.31.2/src/gridfs/upload.ts": "6a54a21b00c6f22ad0da6ceef7a2932dc600560f594c2551abd8e4a64976abae",
    "https://deno.land/x/mongo@v0.31.2/src/protocol/cursor.ts": "c370a28856fa236129cc2d7abf7ebc4ac6cdd60acb93e0e7371433f7332394cb",
    "https://deno.land/x/mongo@v0.31.2/src/protocol/handshake.ts": "3c3ba547d5322751b9756ce9a4750f3cf18febee0a64edca5b007634bd80e0fe",
    "https://deno.land/x/mongo@v0.31.2/src/protocol/header.ts": "0f28db842f886e57b7013606c1391affab2e2960a1a4568d2502e7b788117716",
    "https://deno.land/x/mongo@v0.31.2/src/protocol/message.ts": "b1121b98420c9a44783619c7a0b2f7bb2cb305dfc64adc3e6a9b7781f4d35a3a",
    "https://deno.land/x/mongo@v0.31.2/src/protocol/mod.ts": "4e24d563049c0a236234598ca786ca13778dc17fdb80ac543ac6c75d0c5094d7",
    "https://deno.land/x/mongo@v0.31.2/src/protocol/protocol.ts": "92568dd86e6ef3f54054113d9f5620f158fc1dfee2a7c9d13623975835d5996a",
    "https://deno.land/x/mongo@v0.31.2/src/types.ts": "c6b36e1751323b9eacee86372ba31715fe8e372d48b73a7c1ef69431c7a35b97",
    "https://deno.land/x/mongo@v0.31.2/src/types/geojson.ts": "14690e2fa1591939253ddc9de181b0664051e9462db131b72be5fb9d064dff44",
    "https://deno.land/x/mongo@v0.31.2/src/types/geospatial.ts": "c73ee13536365fa5d868b65ab47b3488a5f223a67e1e059761886f750db70ef9",
    "https://deno.land/x/mongo@v0.31.2/src/types/gridfs.ts": "e1fd12c3ca58d437267e7a8557d745d23b9d8916d1da34c1847e5e373728dfa0",
    "https://deno.land/x/mongo@v0.31.2/src/types/read_write_concern.ts": "d00f35eb85520e776741888685d08d479766a19e9a0a970b53f4594c9db00496",
    "https://deno.land/x/mongo@v0.31.2/src/utils/ns.ts": "fb0c57b8dc4d31f8993112d267dec3c163d3e8862198d1cd03b2b51bcc3caad9",
    "https://deno.land/x/mongo@v0.31.2/src/utils/saslprep/deps.ts": "95ceb81b353110526dacf2a98854bc79d6e17d7f173af8806e91c05555d7b8c7",
    "https://deno.land/x/mongo@v0.31.2/src/utils/saslprep/load_code_points.ts": "f6a4ef2eb2345eac40ffbf1a30661cca803f399865f2a0fadafb71f57d4c97bf",
    "https://deno.land/x/mongo@v0.31.2/src/utils/saslprep/memory_pager.ts": "f55a79a13ec569c21630c3915a9af0c6fc0aa2b899121fa2a85a813c6dd4afba",
    "https://deno.land/x/mongo@v0.31.2/src/utils/saslprep/mod.ts": "0a8a39a0784d065a79c54ce63d7d7b103d0b94addc5b7bcf985517ba2442c8a1",
    "https://deno.land/x/mongo@v0.31.2/src/utils/saslprep/sparse_bitfield.ts": "07d6fe2ecd4ba5f711c44c1ae409bb9c1fe3a3cfc09e27434d231d4aae46dd2d",
    "https://deno.land/x/mongo@v0.31.2/src/utils/srv.ts": "ed5f78ffe6480faac68291a87e51e3674eff5f28aec937ee97248e99e1317b16",
    "https://deno.land/x/mongo@v0.31.2/src/utils/uri.ts": "dcfab8e1dcfcc875c75ada1d9f366664480c03b65594990d6342ed88925452e5",
    "https://deno.land/x/web_bson@v0.3.0/mod.d.ts": "2e52e7b61cc0225d21c82c2ac74126c3f9af3c8002a54e094ea17b3cc7e599bc",
    "https://deno.land/x/web_bson@v0.3.0/mod.js": "8e14aecd31ee63abd30e2dbaa284b4b67abb7ba51fcef5b96af74727cb7c7940"
  }
}
